
Microsoft Visual Studio Solution File, Format Version 12.00
# Visual Studio Version 16
VisualStudioVersion = 16.0.29102.190
MinimumVisualStudioVersion = 10.0.40219.1
Project("{FAE04EC0-301F-11D3-BF4B-00C04F79EFBC}") = "暑假 arduino 上位", "暑假 arduino 上位\暑假 arduino 上位.csproj", "{C9E1439F-37FF-4246-97B0-E500D373999F}"
EndProject
Global
	GlobalSection(SolutionConfigurationPlatforms) = preSolution
		Debug|Any CPU = Debug|Any CPU
		Release|Any CPU = Release|Any CPU
	EndGlobalSection
	GlobalSection(ProjectConfigurationPlatforms) = postSolution
		{C9E1439F-37FF-4246-97B0-E500D373999F}.Debug|Any CPU.ActiveCfg = Debug|Any CPU
		{C9E1439F-37FF-4246-97B0-E500D373999F}.Debug|Any CPU.Build.0 = Debug|Any CPU
		{C9E1439F-37FF-4246-97B0-E500D373999F}.Release|Any CPU.ActiveCfg = Release|Any CPU
		{C9E1439F-37FF-4246-97B0-E500D373999F}.Release|Any CPU.Build.0 = Release|Any CPU
	EndGlobalSection
	GlobalSection(SolutionProperties) = preSolution
		HideSolutionNode = FALSE
	EndGlobalSection
	GlobalSection(ExtensibilityGlobals) = postSolution
		SolutionGuid = {3D2B9CCC-7FBE-4727-8239-EDAB003813E0}
	EndGlobalSection
EndGlobal
